
Microsoft Visual Studio Solution File, Format Version 12.00
# Visual Studio Version 16
VisualStudioVersion = 16.0.30114.105
MinimumVisualStudioVersion = 10.0.40219.1
Project("{FAE04EC0-301F-11D3-BF4B-00C04F79EFBC}") = "API", "API\API.csproj", "{A6998950-DEF8-4C4C-806E-D5A875EBE5D6}"
EndProject
Project("{FAE04EC0-301F-11D3-BF4B-00C04F79EFBC}") = "Core", "Core\Core.csproj", "{873AE2A7-727B-4ADC-BE4A-25AEEB9A971E}"
EndProject
Project("{FAE04EC0-301F-11D3-BF4B-00C04F79EFBC}") = "Infrastructure", "Infrastructure\Infrastructure.csproj", "{EE570CFA-AD61-4D3A-ACC2-A327FE0581E2}"
EndProject
Global
	GlobalSection(SolutionConfigurationPlatforms) = preSolution
		Debug|Any CPU = Debug|Any CPU
		Debug|x64 = Debug|x64
		Debug|x86 = Debug|x86
		Release|Any CPU = Release|Any CPU
		Release|x64 = Release|x64
		Release|x86 = Release|x86
	EndGlobalSection
	GlobalSection(SolutionProperties) = preSolution
		HideSolutionNode = FALSE
	EndGlobalSection
	GlobalSection(ProjectConfigurationPlatforms) = postSolution
		{A6998950-DEF8-4C4C-806E-D5A875EBE5D6}.Debug|Any CPU.ActiveCfg = Debug|Any CPU
		{A6998950-DEF8-4C4C-806E-D5A875EBE5D6}.Debug|Any CPU.Build.0 = Debug|Any CPU
		{A6998950-DEF8-4C4C-806E-D5A875EBE5D6}.Debug|x64.ActiveCfg = Debug|Any CPU
		{A6998950-DEF8-4C4C-806E-D5A875EBE5D6}.Debug|x64.Build.0 = Debug|Any CPU
		{A6998950-DEF8-4C4C-806E-D5A875EBE5D6}.Debug|x86.ActiveCfg = Debug|Any CPU
		{A6998950-DEF8-4C4C-806E-D5A875EBE5D6}.Debug|x86.Build.0 = Debug|Any CPU
		{A6998950-DEF8-4C4C-806E-D5A875EBE5D6}.Release|Any CPU.ActiveCfg = Release|Any CPU
		{A6998950-DEF8-4C4C-806E-D5A875EBE5D6}.Release|Any CPU.Build.0 = Release|Any CPU
		{A6998950-DEF8-4C4C-806E-D5A875EBE5D6}.Release|x64.ActiveCfg = Release|Any CPU
		{A6998950-DEF8-4C4C-806E-D5A875EBE5D6}.Release|x64.Build.0 = Release|Any CPU
		{A6998950-DEF8-4C4C-806E-D5A875EBE5D6}.Release|x86.ActiveCfg = Release|Any CPU
		{A6998950-DEF8-4C4C-806E-D5A875EBE5D6}.Release|x86.Build.0 = Release|Any CPU
		{873AE2A7-727B-4ADC-BE4A-25AEEB9A971E}.Debug|Any CPU.ActiveCfg = Debug|Any CPU
		{873AE2A7-727B-4ADC-BE4A-25AEEB9A971E}.Debug|Any CPU.Build.0 = Debug|Any CPU
		{873AE2A7-727B-4ADC-BE4A-25AEEB9A971E}.Debug|x64.ActiveCfg = Debug|Any CPU
		{873AE2A7-727B-4ADC-BE4A-25AEEB9A971E}.Debug|x64.Build.0 = Debug|Any CPU
		{873AE2A7-727B-4ADC-BE4A-25AEEB9A971E}.Debug|x86.ActiveCfg = Debug|Any CPU
		{873AE2A7-727B-4ADC-BE4A-25AEEB9A971E}.Debug|x86.Build.0 = Debug|Any CPU
		{873AE2A7-727B-4ADC-BE4A-25AEEB9A971E}.Release|Any CPU.ActiveCfg = Release|Any CPU
		{873AE2A7-727B-4ADC-BE4A-25AEEB9A971E}.Release|Any CPU.Build.0 = Release|Any CPU
		{873AE2A7-727B-4ADC-BE4A-25AEEB9A971E}.Release|x64.ActiveCfg = Release|Any CPU
		{873AE2A7-727B-4ADC-BE4A-25AEEB9A971E}.Release|x64.Build.0 = Release|Any CPU
		{873AE2A7-727B-4ADC-BE4A-25AEEB9A971E}.Release|x86.ActiveCfg = Release|Any CPU
		{873AE2A7-727B-4ADC-BE4A-25AEEB9A971E}.Release|x86.Build.0 = Release|Any CPU
		{EE570CFA-AD61-4D3A-ACC2-A327FE0581E2}.Debug|Any CPU.ActiveCfg = Debug|Any CPU
		{EE570CFA-AD61-4D3A-ACC2-A327FE0581E2}.Debug|Any CPU.Build.0 = Debug|Any CPU
		{EE570CFA-AD61-4D3A-ACC2-A327FE0581E2}.Debug|x64.ActiveCfg = Debug|Any CPU
		{EE570CFA-AD61-4D3A-ACC2-A327FE0581E2}.Debug|x64.Build.0 = Debug|Any CPU
		{EE570CFA-AD61-4D3A-ACC2-A327FE0581E2}.Debug|x86.ActiveCfg = Debug|Any CPU
		{EE570CFA-AD61-4D3A-ACC2-A327FE0581E2}.Debug|x86.Build.0 = Debug|Any CPU
		{EE570CFA-AD61-4D3A-ACC2-A327FE0581E2}.Release|Any CPU.ActiveCfg = Release|Any CPU
		{EE570CFA-AD61-4D3A-ACC2-A327FE0581E2}.Release|Any CPU.Build.0 = Release|Any CPU
		{EE570CFA-AD61-4D3A-ACC2-A327FE0581E2}.Release|x64.ActiveCfg = Release|Any CPU
		{EE570CFA-AD61-4D3A-ACC2-A327FE0581E2}.Release|x64.Build.0 = Release|Any CPU
		{EE570CFA-AD61-4D3A-ACC2-A327FE0581E2}.Release|x86.ActiveCfg = Release|Any CPU
		{EE570CFA-AD61-4D3A-ACC2-A327FE0581E2}.Release|x86.Build.0 = Release|Any CPU
	EndGlobalSection
EndGlobal
